
Microsoft Visual Studio Solution File, Format Version 12.00
# Visual Studio Version 17
VisualStudioVersion = 17.6.33815.320
MinimumVisualStudioVersion = 10.0.40219.1
Project("{FAE04EC0-301F-11D3-BF4B-00C04F79EFBC}") = "5. Sortowanie przez wybieranie", "5. Sortowanie przez wybieranie\5. Sortowanie przez wybieranie.csproj", "{10E374D5-E5D2-499C-926D-57A10B7267E4}"
EndProject
Global
	GlobalSection(SolutionConfigurationPlatforms) = preSolution
		Debug|Any CPU = Debug|Any CPU
		Release|Any CPU = Release|Any CPU
	EndGlobalSection
	GlobalSection(ProjectConfigurationPlatforms) = postSolution
		{10E374D5-E5D2-499C-926D-57A10B7267E4}.Debug|Any CPU.ActiveCfg = Debug|Any CPU
		{10E374D5-E5D2-499C-926D-57A10B7267E4}.Debug|Any CPU.Build.0 = Debug|Any CPU
		{10E374D5-E5D2-499C-926D-57A10B7267E4}.Release|Any CPU.ActiveCfg = Release|Any CPU
		{10E374D5-E5D2-499C-926D-57A10B7267E4}.Release|Any CPU.Build.0 = Release|Any CPU
	EndGlobalSection
	GlobalSection(SolutionProperties) = preSolution
		HideSolutionNode = FALSE
	EndGlobalSection
	GlobalSection(ExtensibilityGlobals) = postSolution
		SolutionGuid = {64DFFA71-48D1-4A34-9414-20134D618ECE}
	EndGlobalSection
EndGlobal
